
Microsoft Visual Studio Solution File, Format Version 12.00
# Visual Studio Version 17
VisualStudioVersion = 17.3.32929.385
MinimumVisualStudioVersion = 10.0.40219.1
Project("{9A19103F-16F7-4668-BE54-9A1E7A4F7556}") = "AddressBook", "AddressBook.csproj", "{56B3B1DC-DA09-4421-8326-3A593BF21B8B}"
EndProject
Global
	GlobalSection(SolutionConfigurationPlatforms) = preSolution
		Debug|Any CPU = Debug|Any CPU
		Release|Any CPU = Release|Any CPU
	EndGlobalSection
	GlobalSection(ProjectConfigurationPlatforms) = postSolution
		{56B3B1DC-DA09-4421-8326-3A593BF21B8B}.Debug|Any CPU.ActiveCfg = Debug|Any CPU
		{56B3B1DC-DA09-4421-8326-3A593BF21B8B}.Debug|Any CPU.Build.0 = Debug|Any CPU
		{56B3B1DC-DA09-4421-8326-3A593BF21B8B}.Release|Any CPU.ActiveCfg = Release|Any CPU
		{56B3B1DC-DA09-4421-8326-3A593BF21B8B}.Release|Any CPU.Build.0 = Release|Any CPU
	EndGlobalSection
	GlobalSection(SolutionProperties) = preSolution
		HideSolutionNode = FALSE
	EndGlobalSection
	GlobalSection(ExtensibilityGlobals) = postSolution
		SolutionGuid = {FA728100-4C75-42CE-A41E-54EBFC5BEBF6}
	EndGlobalSection
EndGlobal
